
Microsoft Visual Studio Solution File, Format Version 12.00
# Visual Studio Version 16
VisualStudioVersion = 16.0.30011.22
MinimumVisualStudioVersion = 10.0.40219.1
Project("{2150E333-8FDC-42A3-9474-1A3956D46DE8}") = "Solution Items", "Solution Items", "{58FEBD7E-A8B9-4A59-BC72-15E57DB5F250}"
	ProjectSection(SolutionItems) = preProject
		license.txt = license.txt
		README.md = README.md
	EndProjectSection
EndProject
Project("{8BC9CEB8-8B4A-11D0-8D11-00A0C91BC942}") = "Host", "Host\Host.vcxproj", "{9C9E51E6-1717-4A16-8913-A4150FAE74E2}"
EndProject
Project("{8BC9CEB8-8B4A-11D0-8D11-00A0C91BC942}") = "Core", "Core\Core.vcxproj", "{AD741D27-2A63-4FD9-86F5-F2405DB2A112}"
	ProjectSection(ProjectDependencies) = postProject
		{9C9E51E6-1717-4A16-8913-A4150FAE74E2} = {9C9E51E6-1717-4A16-8913-A4150FAE74E2}
	EndProjectSection
EndProject
Project("{8BC9CEB8-8B4A-11D0-8D11-00A0C91BC942}") = "Test", "Test\Test.vcxproj", "{133986A7-E0FF-4421-BE78-0D19610164A7}"
	ProjectSection(ProjectDependencies) = postProject
		{AD741D27-2A63-4FD9-86F5-F2405DB2A112} = {AD741D27-2A63-4FD9-86F5-F2405DB2A112}
	EndProjectSection
EndProject
Project("{8BC9CEB8-8B4A-11D0-8D11-00A0C91BC942}") = "Common", "Common\Common.vcxitems", "{B441DFCF-2D83-4FB6-A7A7-8BA7D26AC67A}"
EndProject
Project("{8BC9CEB8-8B4A-11D0-8D11-00A0C91BC942}") = "UIWin32", "UIW32\UIW32.vcxproj", "{8AA1B8C7-1578-48E4-958C-7402D69EDEB7}"
	ProjectSection(ProjectDependencies) = postProject
		{C60FF923-6F70-4B0B-8287-D5C3DDB721DC} = {C60FF923-6F70-4B0B-8287-D5C3DDB721DC}
		{AD741D27-2A63-4FD9-86F5-F2405DB2A112} = {AD741D27-2A63-4FD9-86F5-F2405DB2A112}
		{9C9E51E6-1717-4A16-8913-A4150FAE74E2} = {9C9E51E6-1717-4A16-8913-A4150FAE74E2}
	EndProjectSection
EndProject
Project("{8BC9CEB8-8B4A-11D0-8D11-00A0C91BC942}") = "UIUwp", "UIUwp\UIUwp.vcxproj", "{C60FF923-6F70-4B0B-8287-D5C3DDB721DC}"
	ProjectSection(ProjectDependencies) = postProject
		{AD741D27-2A63-4FD9-86F5-F2405DB2A112} = {AD741D27-2A63-4FD9-86F5-F2405DB2A112}
		{9C9E51E6-1717-4A16-8913-A4150FAE74E2} = {9C9E51E6-1717-4A16-8913-A4150FAE74E2}
	EndProjectSection
EndProject
Project("{54435603-DBB4-11D2-8724-00A0C9A8B90C}") = "Setup", "Setup\Setup.vdproj", "{EA104749-2107-4C32-8D0A-2A9656638A91}"
EndProject
Global
	GlobalSection(SolutionConfigurationPlatforms) = preSolution
		Debug|Any CPU = Debug|Any CPU
		Debug|ARM = Debug|ARM
		Debug|ARM64 = Debug|ARM64
		Debug|x64 = Debug|x64
		Debug|x86 = Debug|x86
		Release|Any CPU = Release|Any CPU
		Release|ARM = Release|ARM
		Release|ARM64 = Release|ARM64
		Release|x64 = Release|x64
		Release|x86 = Release|x86
	EndGlobalSection
	GlobalSection(ProjectConfigurationPlatforms) = postSolution
		{9C9E51E6-1717-4A16-8913-A4150FAE74E2}.Debug|Any CPU.ActiveCfg = Debug|Win32
		{9C9E51E6-1717-4A16-8913-A4150FAE74E2}.Debug|ARM.ActiveCfg = Debug|Win32
		{9C9E51E6-1717-4A16-8913-A4150FAE74E2}.Debug|ARM64.ActiveCfg = Debug|Win32
		{9C9E51E6-1717-4A16-8913-A4150FAE74E2}.Debug|x64.ActiveCfg = Debug|x64
		{9C9E51E6-1717-4A16-8913-A4150FAE74E2}.Debug|x64.Build.0 = Debug|x64
		{9C9E51E6-1717-4A16-8913-A4150FAE74E2}.Debug|x86.ActiveCfg = Debug|Win32
		{9C9E51E6-1717-4A16-8913-A4150FAE74E2}.Release|Any CPU.ActiveCfg = Release|Win32
		{9C9E51E6-1717-4A16-8913-A4150FAE74E2}.Release|ARM.ActiveCfg = Release|Win32
		{9C9E51E6-1717-4A16-8913-A4150FAE74E2}.Release|ARM64.ActiveCfg = Release|Win32
		{9C9E51E6-1717-4A16-8913-A4150FAE74E2}.Release|x64.ActiveCfg = Release|x64
		{9C9E51E6-1717-4A16-8913-A4150FAE74E2}.Release|x64.Build.0 = Release|x64
		{9C9E51E6-1717-4A16-8913-A4150FAE74E2}.Release|x86.ActiveCfg = Release|Win32
		{AD741D27-2A63-4FD9-86F5-F2405DB2A112}.Debug|Any CPU.ActiveCfg = Debug|Win32
		{AD741D27-2A63-4FD9-86F5-F2405DB2A112}.Debug|ARM.ActiveCfg = Debug|Win32
		{AD741D27-2A63-4FD9-86F5-F2405DB2A112}.Debug|ARM64.ActiveCfg = Debug|Win32
		{AD741D27-2A63-4FD9-86F5-F2405DB2A112}.Debug|x64.ActiveCfg = Debug|x64
		{AD741D27-2A63-4FD9-86F5-F2405DB2A112}.Debug|x64.Build.0 = Debug|x64
		{AD741D27-2A63-4FD9-86F5-F2405DB2A112}.Debug|x86.ActiveCfg = Debug|Win32
		{AD741D27-2A63-4FD9-86F5-F2405DB2A112}.Release|Any CPU.ActiveCfg = Release|Win32
		{AD741D27-2A63-4FD9-86F5-F2405DB2A112}.Release|ARM.ActiveCfg = Release|Win32
		{AD741D27-2A63-4FD9-86F5-F2405DB2A112}.Release|ARM64.ActiveCfg = Release|Win32
		{AD741D27-2A63-4FD9-86F5-F2405DB2A112}.Release|x64.ActiveCfg = Release|x64
		{AD741D27-2A63-4FD9-86F5-F2405DB2A112}.Release|x64.Build.0 = Release|x64
		{AD741D27-2A63-4FD9-86F5-F2405DB2A112}.Release|x86.ActiveCfg = Release|Win32
		{133986A7-E0FF-4421-BE78-0D19610164A7}.Debug|Any CPU.ActiveCfg = Debug|Win32
		{133986A7-E0FF-4421-BE78-0D19610164A7}.Debug|ARM.ActiveCfg = Debug|Win32
		{133986A7-E0FF-4421-BE78-0D19610164A7}.Debug|ARM64.ActiveCfg = Debug|Win32
		{133986A7-E0FF-4421-BE78-0D19610164A7}.Debug|x64.ActiveCfg = Debug|x64
		{133986A7-E0FF-4421-BE78-0D19610164A7}.Debug|x64.Build.0 = Debug|x64
		{133986A7-E0FF-4421-BE78-0D19610164A7}.Debug|x86.ActiveCfg = Debug|Win32
		{133986A7-E0FF-4421-BE78-0D19610164A7}.Release|Any CPU.ActiveCfg = Release|Win32
		{133986A7-E0FF-4421-BE78-0D19610164A7}.Release|ARM.ActiveCfg = Release|Win32
		{133986A7-E0FF-4421-BE78-0D19610164A7}.Release|ARM64.ActiveCfg = Release|Win32
		{133986A7-E0FF-4421-BE78-0D19610164A7}.Release|x64.ActiveCfg = Release|x64
		{133986A7-E0FF-4421-BE78-0D19610164A7}.Release|x64.Build.0 = Release|x64
		{133986A7-E0FF-4421-BE78-0D19610164A7}.Release|x86.ActiveCfg = Release|Win32
		{8AA1B8C7-1578-48E4-958C-7402D69EDEB7}.Debug|Any CPU.ActiveCfg = Debug|Win32
		{8AA1B8C7-1578-48E4-958C-7402D69EDEB7}.Debug|ARM.ActiveCfg = Debug|Win32
		{8AA1B8C7-1578-48E4-958C-7402D69EDEB7}.Debug|ARM64.ActiveCfg = Debug|Win32
		{8AA1B8C7-1578-48E4-958C-7402D69EDEB7}.Debug|x64.ActiveCfg = Debug|x64
		{8AA1B8C7-1578-48E4-958C-7402D69EDEB7}.Debug|x64.Build.0 = Debug|x64
		{8AA1B8C7-1578-48E4-958C-7402D69EDEB7}.Debug|x86.ActiveCfg = Debug|Win32
		{8AA1B8C7-1578-48E4-958C-7402D69EDEB7}.Release|Any CPU.ActiveCfg = Release|Win32
		{8AA1B8C7-1578-48E4-958C-7402D69EDEB7}.Release|ARM.ActiveCfg = Release|Win32
		{8AA1B8C7-1578-48E4-958C-7402D69EDEB7}.Release|ARM64.ActiveCfg = Release|Win32
		{8AA1B8C7-1578-48E4-958C-7402D69EDEB7}.Release|x64.ActiveCfg = Release|x64
		{8AA1B8C7-1578-48E4-958C-7402D69EDEB7}.Release|x64.Build.0 = Release|x64
		{8AA1B8C7-1578-48E4-958C-7402D69EDEB7}.Release|x86.ActiveCfg = Release|Win32
		{C60FF923-6F70-4B0B-8287-D5C3DDB721DC}.Debug|Any CPU.ActiveCfg = Debug|Win32
		{C60FF923-6F70-4B0B-8287-D5C3DDB721DC}.Debug|ARM.ActiveCfg = Debug|Win32
		{C60FF923-6F70-4B0B-8287-D5C3DDB721DC}.Debug|ARM64.ActiveCfg = Debug|Win32
		{C60FF923-6F70-4B0B-8287-D5C3DDB721DC}.Debug|x64.ActiveCfg = Debug|x64
		{C60FF923-6F70-4B0B-8287-D5C3DDB721DC}.Debug|x64.Build.0 = Debug|x64
		{C60FF923-6F70-4B0B-8287-D5C3DDB721DC}.Debug|x86.ActiveCfg = Debug|Win32
		{C60FF923-6F70-4B0B-8287-D5C3DDB721DC}.Release|Any CPU.ActiveCfg = Release|Win32
		{C60FF923-6F70-4B0B-8287-D5C3DDB721DC}.Release|ARM.ActiveCfg = Release|Win32
		{C60FF923-6F70-4B0B-8287-D5C3DDB721DC}.Release|ARM64.ActiveCfg = Release|Win32
		{C60FF923-6F70-4B0B-8287-D5C3DDB721DC}.Release|x64.ActiveCfg = Release|x64
		{C60FF923-6F70-4B0B-8287-D5C3DDB721DC}.Release|x64.Build.0 = Release|x64
		{C60FF923-6F70-4B0B-8287-D5C3DDB721DC}.Release|x86.ActiveCfg = Release|Win32
		{EA104749-2107-4C32-8D0A-2A9656638A91}.Debug|Any CPU.ActiveCfg = Debug
		{EA104749-2107-4C32-8D0A-2A9656638A91}.Debug|ARM.ActiveCfg = Debug
		{EA104749-2107-4C32-8D0A-2A9656638A91}.Debug|ARM64.ActiveCfg = Debug
		{EA104749-2107-4C32-8D0A-2A9656638A91}.Debug|x64.ActiveCfg = Debug
		{EA104749-2107-4C32-8D0A-2A9656638A91}.Debug|x64.Build.0 = Debug
		{EA104749-2107-4C32-8D0A-2A9656638A91}.Debug|x86.ActiveCfg = Debug
		{EA104749-2107-4C32-8D0A-2A9656638A91}.Release|Any CPU.ActiveCfg = Release
		{EA104749-2107-4C32-8D0A-2A9656638A91}.Release|ARM.ActiveCfg = Release
		{EA104749-2107-4C32-8D0A-2A9656638A91}.Release|ARM64.ActiveCfg = Release
		{EA104749-2107-4C32-8D0A-2A9656638A91}.Release|x64.ActiveCfg = Release
		{EA104749-2107-4C32-8D0A-2A9656638A91}.Release|x64.Build.0 = Release
		{EA104749-2107-4C32-8D0A-2A9656638A91}.Release|x86.ActiveCfg = Release
	EndGlobalSection
	GlobalSection(SolutionProperties) = preSolution
		HideSolutionNode = FALSE
	EndGlobalSection
	GlobalSection(NestedProjects) = preSolution
		{9C9E51E6-1717-4A16-8913-A4150FAE74E2} = {58FEBD7E-A8B9-4A59-BC72-15E57DB5F250}
		{AD741D27-2A63-4FD9-86F5-F2405DB2A112} = {58FEBD7E-A8B9-4A59-BC72-15E57DB5F250}
		{133986A7-E0FF-4421-BE78-0D19610164A7} = {58FEBD7E-A8B9-4A59-BC72-15E57DB5F250}
		{B441DFCF-2D83-4FB6-A7A7-8BA7D26AC67A} = {58FEBD7E-A8B9-4A59-BC72-15E57DB5F250}
		{8AA1B8C7-1578-48E4-958C-7402D69EDEB7} = {58FEBD7E-A8B9-4A59-BC72-15E57DB5F250}
		{C60FF923-6F70-4B0B-8287-D5C3DDB721DC} = {58FEBD7E-A8B9-4A59-BC72-15E57DB5F250}
	EndGlobalSection
	GlobalSection(ExtensibilityGlobals) = postSolution
		SolutionGuid = {4AA8F2E4-79BD-46B9-BC22-C8A10DDCD9DE}
	EndGlobalSection
EndGlobal
